
Microsoft Visual Studio Solution File, Format Version 12.00
# Visual Studio Version 16
VisualStudioVersion = 16.0.30717.126
MinimumVisualStudioVersion = 10.0.40219.1
Project("{9A19103F-16F7-4668-BE54-9A1E7A4F7556}") = "gamea1", "..\gamea1\gamea1.csproj", "{A19960EA-464E-48D0-8DC4-FC8F5B5351E7}"
EndProject
Global
	GlobalSection(SolutionConfigurationPlatforms) = preSolution
		Debug|Any CPU = Debug|Any CPU
		Release|Any CPU = Release|Any CPU
	EndGlobalSection
	GlobalSection(ProjectConfigurationPlatforms) = postSolution
		{A19960EA-464E-48D0-8DC4-FC8F5B5351E7}.Debug|Any CPU.ActiveCfg = Debug|Any CPU
		{A19960EA-464E-48D0-8DC4-FC8F5B5351E7}.Debug|Any CPU.Build.0 = Debug|Any CPU
		{A19960EA-464E-48D0-8DC4-FC8F5B5351E7}.Release|Any CPU.ActiveCfg = Release|Any CPU
		{A19960EA-464E-48D0-8DC4-FC8F5B5351E7}.Release|Any CPU.Build.0 = Release|Any CPU
	EndGlobalSection
	GlobalSection(SolutionProperties) = preSolution
		HideSolutionNode = FALSE
	EndGlobalSection
	GlobalSection(ExtensibilityGlobals) = postSolution
		SolutionGuid = {0C4C3253-D585-4B68-B874-5524E486AC5D}
	EndGlobalSection
EndGlobal
