
Microsoft Visual Studio Solution File, Format Version 12.00
# Visual Studio Version 16
VisualStudioVersion = 16.0.30717.126
MinimumVisualStudioVersion = 10.0.40219.1
Project("{FAE04EC0-301F-11D3-BF4B-00C04F79EFBC}") = "delegates_project", "delegates_project.csproj", "{D16002DD-141C-4DF8-A5F7-7029E2B58BE6}"
EndProject
Global
	GlobalSection(SolutionConfigurationPlatforms) = preSolution
		Debug|Any CPU = Debug|Any CPU
		Release|Any CPU = Release|Any CPU
	EndGlobalSection
	GlobalSection(ProjectConfigurationPlatforms) = postSolution
		{D16002DD-141C-4DF8-A5F7-7029E2B58BE6}.Debug|Any CPU.ActiveCfg = Debug|Any CPU
		{D16002DD-141C-4DF8-A5F7-7029E2B58BE6}.Debug|Any CPU.Build.0 = Debug|Any CPU
		{D16002DD-141C-4DF8-A5F7-7029E2B58BE6}.Release|Any CPU.ActiveCfg = Release|Any CPU
		{D16002DD-141C-4DF8-A5F7-7029E2B58BE6}.Release|Any CPU.Build.0 = Release|Any CPU
	EndGlobalSection
	GlobalSection(SolutionProperties) = preSolution
		HideSolutionNode = FALSE
	EndGlobalSection
	GlobalSection(ExtensibilityGlobals) = postSolution
		SolutionGuid = {6C5C5649-E7DB-4997-BC6B-E2888E1F3EA3}
	EndGlobalSection
EndGlobal
