
Microsoft Visual Studio Solution File, Format Version 12.00
# Visual Studio Version 16
VisualStudioVersion = 16.0.30621.155
MinimumVisualStudioVersion = 10.0.40219.1
Project("{FAE04EC0-301F-11D3-BF4B-00C04F79EFBC}") = "Hospital", "Hospital.csproj", "{E77FAD75-1B25-4032-924B-26D36D7615CC}"
EndProject
Project("{FAE04EC0-301F-11D3-BF4B-00C04F79EFBC}") = "theRealHospital", "D:\Daskalo\theRealHospital\theRealHospital.csproj", "{30DD5FBB-155D-4A26-B3F9-5C5F90AEB1AE}"
EndProject
Global
	GlobalSection(SolutionConfigurationPlatforms) = preSolution
		Debug|Any CPU = Debug|Any CPU
		Release|Any CPU = Release|Any CPU
	EndGlobalSection
	GlobalSection(ProjectConfigurationPlatforms) = postSolution
		{E77FAD75-1B25-4032-924B-26D36D7615CC}.Debug|Any CPU.ActiveCfg = Debug|Any CPU
		{E77FAD75-1B25-4032-924B-26D36D7615CC}.Debug|Any CPU.Build.0 = Debug|Any CPU
		{E77FAD75-1B25-4032-924B-26D36D7615CC}.Release|Any CPU.ActiveCfg = Release|Any CPU
		{E77FAD75-1B25-4032-924B-26D36D7615CC}.Release|Any CPU.Build.0 = Release|Any CPU
		{30DD5FBB-155D-4A26-B3F9-5C5F90AEB1AE}.Debug|Any CPU.ActiveCfg = Debug|Any CPU
		{30DD5FBB-155D-4A26-B3F9-5C5F90AEB1AE}.Debug|Any CPU.Build.0 = Debug|Any CPU
		{30DD5FBB-155D-4A26-B3F9-5C5F90AEB1AE}.Release|Any CPU.ActiveCfg = Release|Any CPU
		{30DD5FBB-155D-4A26-B3F9-5C5F90AEB1AE}.Release|Any CPU.Build.0 = Release|Any CPU
	EndGlobalSection
	GlobalSection(SolutionProperties) = preSolution
		HideSolutionNode = FALSE
	EndGlobalSection
	GlobalSection(ExtensibilityGlobals) = postSolution
		SolutionGuid = {E1261735-38BE-4451-A761-9CF6285EDCAC}
	EndGlobalSection
EndGlobal
