
Microsoft Visual Studio Solution File, Format Version 12.00
# Visual Studio Version 16
VisualStudioVersion = 16.0.30717.126
MinimumVisualStudioVersion = 10.0.40219.1
Project("{FAE04EC0-301F-11D3-BF4B-00C04F79EFBC}") = "horse_moves", "horse_moves.csproj", "{75E848C1-864D-4388-BD7D-E07852B2CF0D}"
EndProject
Global
	GlobalSection(SolutionConfigurationPlatforms) = preSolution
		Debug|Any CPU = Debug|Any CPU
		Release|Any CPU = Release|Any CPU
	EndGlobalSection
	GlobalSection(ProjectConfigurationPlatforms) = postSolution
		{75E848C1-864D-4388-BD7D-E07852B2CF0D}.Debug|Any CPU.ActiveCfg = Debug|Any CPU
		{75E848C1-864D-4388-BD7D-E07852B2CF0D}.Debug|Any CPU.Build.0 = Debug|Any CPU
		{75E848C1-864D-4388-BD7D-E07852B2CF0D}.Release|Any CPU.ActiveCfg = Release|Any CPU
		{75E848C1-864D-4388-BD7D-E07852B2CF0D}.Release|Any CPU.Build.0 = Release|Any CPU
	EndGlobalSection
	GlobalSection(SolutionProperties) = preSolution
		HideSolutionNode = FALSE
	EndGlobalSection
	GlobalSection(ExtensibilityGlobals) = postSolution
		SolutionGuid = {B5CB7CCD-D01A-4193-AA3D-6D66EBFA9AD4}
	EndGlobalSection
EndGlobal
